// !$*UTF8*$!
{
	archiveVersion = 1;
	classes = {
	};
	objectVersion = 46;
	objects = {

/* Begin PBXBuildFile section */
		7C0930951C40AD7A005AB04B /* UIView_Borders.swift in Sources */ = {isa = PBXBuildFile; fileRef = 7C0930941C40AD7A005AB04B /* UIView_Borders.swift */; };
		7C0F515B1C33934400EFBC22 /* OssViewController.swift in Sources */ = {isa = PBXBuildFile; fileRef = 7C0F515A1C33934400EFBC22 /* OssViewController.swift */; };
		7C1FCEA61C1735A4003AAFB4 /* TabBarController.swift in Sources */ = {isa = PBXBuildFile; fileRef = 7C1FCEA51C1735A4003AAFB4 /* TabBarController.swift */; };
		7C9DB00E1C32363F003FC20F /* CardConfigViewController.swift in Sources */ = {isa = PBXBuildFile; fileRef = 7C9DB00D1C32363F003FC20F /* CardConfigViewController.swift */; };
		7CCE422C1C542353005F54B4 /* AboutViewController.swift in Sources */ = {isa = PBXBuildFile; fileRef = 7CCE422B1C542353005F54B4 /* AboutViewController.swift */; };
		99113BC0CC102C1C558558F4 /* Pods_Mi_SUBE.framework in Frameworks */ = {isa = PBXBuildFile; fileRef = 4F5F5A1E1FF6DB055E23A461 /* Pods_Mi_SUBE.framework */; };
		D57C57EE1C22FB540019AC00 /* ConfigTableViewController.swift in Sources */ = {isa = PBXBuildFile; fileRef = D57C57ED1C22FB540019AC00 /* ConfigTableViewController.swift */; };
		EC3BA51E1C1CE37C0058CDD1 /* RouteViewController.swift in Sources */ = {isa = PBXBuildFile; fileRef = EC3BA51D1C1CE37C0058CDD1 /* RouteViewController.swift */; };
		EC5B5BE41C14972200327D19 /* MarkerFactory.swift in Sources */ = {isa = PBXBuildFile; fileRef = EC5B5BE31C14972200327D19 /* MarkerFactory.swift */; };
		EC5B5BE61C14980600327D19 /* CustomPointAnnotation.swift in Sources */ = {isa = PBXBuildFile; fileRef = EC5B5BE51C14980600327D19 /* CustomPointAnnotation.swift */; };
		EC6836331C17AC6A000EC0C8 /* MiSUBEModel.swift in Sources */ = {isa = PBXBuildFile; fileRef = EC6836321C17AC6A000EC0C8 /* MiSUBEModel.swift */; };
		EC6836371C17B603000EC0C8 /* TarjetaSUBEService.swift in Sources */ = {isa = PBXBuildFile; fileRef = EC6836361C17B603000EC0C8 /* TarjetaSUBEService.swift */; };
		EC83B4BC1C13A5C300B9E6AA /* Congreso.gpx in Resources */ = {isa = PBXBuildFile; fileRef = EC83B4BB1C13A5C300B9E6AA /* Congreso.gpx */; };
		EC946F081C18FD4200982CDA /* MapaService.swift in Sources */ = {isa = PBXBuildFile; fileRef = EC946F071C18FD4200982CDA /* MapaService.swift */; };
		EC94BF9B1C138A3E005A88A2 /* MiUbicacion.swift in Sources */ = {isa = PBXBuildFile; fileRef = EC94BF9A1C138A3E005A88A2 /* MiUbicacion.swift */; };
		EC9C0C151C170A7C002C5F2A /* Distancia.swift in Sources */ = {isa = PBXBuildFile; fileRef = EC9C0C141C170A7C002C5F2A /* Distancia.swift */; };
		ECA2E3DB1C13AF9500A6CA6E /* Palermo.gpx in Resources */ = {isa = PBXBuildFile; fileRef = ECA2E3DA1C13AF9500A6CA6E /* Palermo.gpx */; };
		ECABF5871C1E36CA00C8B25C /* DetailHelper.swift in Sources */ = {isa = PBXBuildFile; fileRef = ECABF5861C1E36CA00C8B25C /* DetailHelper.swift */; };
		ECC647B71C12822600896171 /* AppDelegate.swift in Sources */ = {isa = PBXBuildFile; fileRef = ECC647B61C12822600896171 /* AppDelegate.swift */; };
		ECC647B91C12822600896171 /* MapViewController.swift in Sources */ = {isa = PBXBuildFile; fileRef = ECC647B81C12822600896171 /* MapViewController.swift */; };
		ECC647BC1C12822600896171 /* Main.storyboard in Resources */ = {isa = PBXBuildFile; fileRef = ECC647BA1C12822600896171 /* Main.storyboard */; };
		ECC647BE1C12822600896171 /* Assets.xcassets in Resources */ = {isa = PBXBuildFile; fileRef = ECC647BD1C12822600896171 /* Assets.xcassets */; };
		ECC647C11C12822600896171 /* LaunchScreen.storyboard in Resources */ = {isa = PBXBuildFile; fileRef = ECC647BF1C12822600896171 /* LaunchScreen.storyboard */; };
		ECC647CB1C12832A00896171 /* CoreLocation.framework in Frameworks */ = {isa = PBXBuildFile; fileRef = ECC647CA1C12832A00896171 /* CoreLocation.framework */; };
		ECC647CD1C12832F00896171 /* MapKit.framework in Frameworks */ = {isa = PBXBuildFile; fileRef = ECC647CC1C12832F00896171 /* MapKit.framework */; };
		ECC647CF1C12932C00896171 /* DondeCargoService.swift in Sources */ = {isa = PBXBuildFile; fileRef = ECC647CE1C12932C00896171 /* DondeCargoService.swift */; };
		ECC647D11C12938A00896171 /* PuntoCarga.swift in Sources */ = {isa = PBXBuildFile; fileRef = ECC647D01C12938A00896171 /* PuntoCarga.swift */; };
		ECC647D41C12B39100896171 /* Extensions.swift in Sources */ = {isa = PBXBuildFile; fileRef = ECC647D31C12B39100896171 /* Extensions.swift */; };
		ECC9679B1C1A32EC0070BA4F /* SaldoViewController.swift in Sources */ = {isa = PBXBuildFile; fileRef = ECC9679A1C1A32EC0070BA4F /* SaldoViewController.swift */; };
		FCB703CA1C45D750003F1072 /* MovimientosTableViewController.swift in Sources */ = {isa = PBXBuildFile; fileRef = FCB703C91C45D750003F1072 /* MovimientosTableViewController.swift */; };
		FCB703CD1C45DCD6003F1072 /* MovimientoTableViewCell.swift in Sources */ = {isa = PBXBuildFile; fileRef = FCB703CC1C45DCD6003F1072 /* MovimientoTableViewCell.swift */; };
/* End PBXBuildFile section */

/* Begin PBXFileReference section */
		0300221B0D2217B5B0F0C565 /* Pods-Mi SUBE.debug.xcconfig */ = {isa = PBXFileReference; includeInIndex = 1; lastKnownFileType = text.xcconfig; name = "Pods-Mi SUBE.debug.xcconfig"; path = "Pods/Target Support Files/Pods-Mi SUBE/Pods-Mi SUBE.debug.xcconfig"; sourceTree = "<group>"; };
		2A09F4F963C511FE65FD4652 /* Pods-Mi SUBE.release.xcconfig */ = {isa = PBXFileReference; includeInIndex = 1; lastKnownFileType = text.xcconfig; name = "Pods-Mi SUBE.release.xcconfig"; path = "Pods/Target Support Files/Pods-Mi SUBE/Pods-Mi SUBE.release.xcconfig"; sourceTree = "<group>"; };
		4F5F5A1E1FF6DB055E23A461 /* Pods_Mi_SUBE.framework */ = {isa = PBXFileReference; explicitFileType = wrapper.framework; includeInIndex = 0; path = Pods_Mi_SUBE.framework; sourceTree = BUILT_PRODUCTS_DIR; };
		7C0930941C40AD7A005AB04B /* UIView_Borders.swift */ = {isa = PBXFileReference; fileEncoding = 4; lastKnownFileType = sourcecode.swift; path = UIView_Borders.swift; sourceTree = "<group>"; };
		7C0F515A1C33934400EFBC22 /* OssViewController.swift */ = {isa = PBXFileReference; fileEncoding = 4; lastKnownFileType = sourcecode.swift; path = OssViewController.swift; sourceTree = "<group>"; };
		7C1FCEA51C1735A4003AAFB4 /* TabBarController.swift */ = {isa = PBXFileReference; fileEncoding = 4; lastKnownFileType = sourcecode.swift; path = TabBarController.swift; sourceTree = "<group>"; };
		7C9DB00D1C32363F003FC20F /* CardConfigViewController.swift */ = {isa = PBXFileReference; fileEncoding = 4; lastKnownFileType = sourcecode.swift; path = CardConfigViewController.swift; sourceTree = "<group>"; };
		7CCE422B1C542353005F54B4 /* AboutViewController.swift */ = {isa = PBXFileReference; fileEncoding = 4; lastKnownFileType = sourcecode.swift; path = AboutViewController.swift; sourceTree = "<group>"; };
		D57C57ED1C22FB540019AC00 /* ConfigTableViewController.swift */ = {isa = PBXFileReference; fileEncoding = 4; lastKnownFileType = sourcecode.swift; path = ConfigTableViewController.swift; sourceTree = "<group>"; };
		EC3BA51D1C1CE37C0058CDD1 /* RouteViewController.swift */ = {isa = PBXFileReference; fileEncoding = 4; lastKnownFileType = sourcecode.swift; path = RouteViewController.swift; sourceTree = "<group>"; };
		EC5B5BE31C14972200327D19 /* MarkerFactory.swift */ = {isa = PBXFileReference; fileEncoding = 4; lastKnownFileType = sourcecode.swift; path = MarkerFactory.swift; sourceTree = "<group>"; };
		EC5B5BE51C14980600327D19 /* CustomPointAnnotation.swift */ = {isa = PBXFileReference; fileEncoding = 4; lastKnownFileType = sourcecode.swift; path = CustomPointAnnotation.swift; sourceTree = "<group>"; };
		EC6836321C17AC6A000EC0C8 /* MiSUBEModel.swift */ = {isa = PBXFileReference; fileEncoding = 4; lastKnownFileType = sourcecode.swift; path = MiSUBEModel.swift; sourceTree = "<group>"; };
		EC6836361C17B603000EC0C8 /* TarjetaSUBEService.swift */ = {isa = PBXFileReference; fileEncoding = 4; lastKnownFileType = sourcecode.swift; path = TarjetaSUBEService.swift; sourceTree = "<group>"; };
		EC83B4BB1C13A5C300B9E6AA /* Congreso.gpx */ = {isa = PBXFileReference; fileEncoding = 4; lastKnownFileType = text.xml; name = Congreso.gpx; path = ../Congreso.gpx; sourceTree = "<group>"; };
		EC946F071C18FD4200982CDA /* MapaService.swift */ = {isa = PBXFileReference; fileEncoding = 4; lastKnownFileType = sourcecode.swift; path = MapaService.swift; sourceTree = "<group>"; };
		EC94BF9A1C138A3E005A88A2 /* MiUbicacion.swift */ = {isa = PBXFileReference; fileEncoding = 4; lastKnownFileType = sourcecode.swift; path = MiUbicacion.swift; sourceTree = "<group>"; };
		EC9C0C141C170A7C002C5F2A /* Distancia.swift */ = {isa = PBXFileReference; fileEncoding = 4; lastKnownFileType = sourcecode.swift; path = Distancia.swift; sourceTree = "<group>"; };
		ECA2E3DA1C13AF9500A6CA6E /* Palermo.gpx */ = {isa = PBXFileReference; fileEncoding = 4; lastKnownFileType = text.xml; name = Palermo.gpx; path = ../Palermo.gpx; sourceTree = "<group>"; };
		ECABF5861C1E36CA00C8B25C /* DetailHelper.swift */ = {isa = PBXFileReference; fileEncoding = 4; lastKnownFileType = sourcecode.swift; path = DetailHelper.swift; sourceTree = "<group>"; };
		ECC647B31C12822600896171 /* Mi SUBE.app */ = {isa = PBXFileReference; explicitFileType = wrapper.application; includeInIndex = 0; path = "Mi SUBE.app"; sourceTree = BUILT_PRODUCTS_DIR; };
		ECC647B61C12822600896171 /* AppDelegate.swift */ = {isa = PBXFileReference; lastKnownFileType = sourcecode.swift; path = AppDelegate.swift; sourceTree = "<group>"; };
		ECC647B81C12822600896171 /* MapViewController.swift */ = {isa = PBXFileReference; lastKnownFileType = sourcecode.swift; path = MapViewController.swift; sourceTree = "<group>"; };
		ECC647BB1C12822600896171 /* Base */ = {isa = PBXFileReference; lastKnownFileType = file.storyboard; name = Base; path = Base.lproj/Main.storyboard; sourceTree = "<group>"; };
		ECC647BD1C12822600896171 /* Assets.xcassets */ = {isa = PBXFileReference; lastKnownFileType = folder.assetcatalog; path = Assets.xcassets; sourceTree = "<group>"; };
		ECC647C01C12822600896171 /* Base */ = {isa = PBXFileReference; lastKnownFileType = file.storyboard; name = Base; path = Base.lproj/LaunchScreen.storyboard; sourceTree = "<group>"; };
		ECC647C21C12822600896171 /* Info.plist */ = {isa = PBXFileReference; lastKnownFileType = text.plist.xml; path = Info.plist; sourceTree = "<group>"; };
		ECC647CA1C12832A00896171 /* CoreLocation.framework */ = {isa = PBXFileReference; lastKnownFileType = wrapper.framework; name = CoreLocation.framework; path = System/Library/Frameworks/CoreLocation.framework; sourceTree = SDKROOT; };
		ECC647CC1C12832F00896171 /* MapKit.framework */ = {isa = PBXFileReference; lastKnownFileType = wrapper.framework; name = MapKit.framework; path = System/Library/Frameworks/MapKit.framework; sourceTree = SDKROOT; };
		ECC647CE1C12932C00896171 /* DondeCargoService.swift */ = {isa = PBXFileReference; fileEncoding = 4; lastKnownFileType = sourcecode.swift; path = DondeCargoService.swift; sourceTree = "<group>"; };
		ECC647D01C12938A00896171 /* PuntoCarga.swift */ = {isa = PBXFileReference; fileEncoding = 4; lastKnownFileType = sourcecode.swift; path = PuntoCarga.swift; sourceTree = "<group>"; };
		ECC647D31C12B39100896171 /* Extensions.swift */ = {isa = PBXFileReference; fileEncoding = 4; lastKnownFileType = sourcecode.swift; path = Extensions.swift; sourceTree = "<group>"; };
		ECC9679A1C1A32EC0070BA4F /* SaldoViewController.swift */ = {isa = PBXFileReference; fileEncoding = 4; lastKnownFileType = sourcecode.swift; path = SaldoViewController.swift; sourceTree = "<group>"; };
		FCB703C91C45D750003F1072 /* MovimientosTableViewController.swift */ = {isa = PBXFileReference; fileEncoding = 4; lastKnownFileType = sourcecode.swift; path = MovimientosTableViewController.swift; sourceTree = "<group>"; };
		FCB703CC1C45DCD6003F1072 /* MovimientoTableViewCell.swift */ = {isa = PBXFileReference; fileEncoding = 4; lastKnownFileType = sourcecode.swift; path = MovimientoTableViewCell.swift; sourceTree = "<group>"; };
/* End PBXFileReference section */

/* Begin PBXFrameworksBuildPhase section */
		ECC647B01C12822600896171 /* Frameworks */ = {
			isa = PBXFrameworksBuildPhase;
			buildActionMask = 2147483647;
			files = (
				ECC647CD1C12832F00896171 /* MapKit.framework in Frameworks */,
				ECC647CB1C12832A00896171 /* CoreLocation.framework in Frameworks */,
				99113BC0CC102C1C558558F4 /* Pods_Mi_SUBE.framework in Frameworks */,
			);
			runOnlyForDeploymentPostprocessing = 0;
		};
/* End PBXFrameworksBuildPhase section */

/* Begin PBXGroup section */
		A966553260A75B5BA6B949AE /* Pods */ = {
			isa = PBXGroup;
			children = (
				0300221B0D2217B5B0F0C565 /* Pods-Mi SUBE.debug.xcconfig */,
				2A09F4F963C511FE65FD4652 /* Pods-Mi SUBE.release.xcconfig */,
			);
			name = Pods;
			sourceTree = "<group>";
		};
		B10498DA2A33A67E3D0BEF0E /* Frameworks */ = {
			isa = PBXGroup;
			children = (
				ECC647CC1C12832F00896171 /* MapKit.framework */,
				ECC647CA1C12832A00896171 /* CoreLocation.framework */,
				4F5F5A1E1FF6DB055E23A461 /* Pods_Mi_SUBE.framework */,
			);
			name = Frameworks;
			sourceTree = "<group>";
		};
		EC105EE31C15C94E001847F6 /* GPX */ = {
			isa = PBXGroup;
			children = (
				ECA2E3DA1C13AF9500A6CA6E /* Palermo.gpx */,
				EC83B4BB1C13A5C300B9E6AA /* Congreso.gpx */,
			);
			name = GPX;
			sourceTree = "<group>";
		};
		EC5B5BE21C1496F500327D19 /* Factory */ = {
			isa = PBXGroup;
			children = (
				EC5B5BE31C14972200327D19 /* MarkerFactory.swift */,
			);
			name = Factory;
			sourceTree = "<group>";
		};
		ECC647AA1C12822600896171 = {
			isa = PBXGroup;
			children = (
				ECC647B51C12822600896171 /* Mi SUBE */,
				ECC647B41C12822600896171 /* Products */,
				A966553260A75B5BA6B949AE /* Pods */,
				B10498DA2A33A67E3D0BEF0E /* Frameworks */,
			);
			sourceTree = "<group>";
		};
		ECC647B41C12822600896171 /* Products */ = {
			isa = PBXGroup;
			children = (
				ECC647B31C12822600896171 /* Mi SUBE.app */,
			);
			name = Products;
			sourceTree = "<group>";
		};
		ECC647B51C12822600896171 /* Mi SUBE */ = {
			isa = PBXGroup;
			children = (
				FCB703CB1C45DCC2003F1072 /* Cells */,
				ECFA445C1C1F719000717AEA /* Helper */,
				EC105EE31C15C94E001847F6 /* GPX */,
				EC5B5BE21C1496F500327D19 /* Factory */,
				ECC647D51C12B3A700896171 /* Utils */,
				ECC647D21C12939100896171 /* Model */,
				ECC647C91C1282C400896171 /* Services */,
				ECC647C81C1282AE00896171 /* Controllers */,
				ECC647B61C12822600896171 /* AppDelegate.swift */,
				ECC647BA1C12822600896171 /* Main.storyboard */,
				ECC647BF1C12822600896171 /* LaunchScreen.storyboard */,
				ECC647BD1C12822600896171 /* Assets.xcassets */,
				ECC647C21C12822600896171 /* Info.plist */,
			);
			path = "Mi SUBE";
			sourceTree = "<group>";
		};
		ECC647C81C1282AE00896171 /* Controllers */ = {
			isa = PBXGroup;
			children = (
				ECC647B81C12822600896171 /* MapViewController.swift */,
				7C1FCEA51C1735A4003AAFB4 /* TabBarController.swift */,
				ECC9679A1C1A32EC0070BA4F /* SaldoViewController.swift */,
				EC3BA51D1C1CE37C0058CDD1 /* RouteViewController.swift */,
				D57C57ED1C22FB540019AC00 /* ConfigTableViewController.swift */,
				7C9DB00D1C32363F003FC20F /* CardConfigViewController.swift */,
				7CCE422B1C542353005F54B4 /* AboutViewController.swift */,
				7C0F515A1C33934400EFBC22 /* OssViewController.swift */,
				FCB703C91C45D750003F1072 /* MovimientosTableViewController.swift */,
			);
			name = Controllers;
			sourceTree = "<group>";
		};
		ECC647C91C1282C400896171 /* Services */ = {
			isa = PBXGroup;
			children = (
				ECC647CE1C12932C00896171 /* DondeCargoService.swift */,
				EC6836361C17B603000EC0C8 /* TarjetaSUBEService.swift */,
				EC946F071C18FD4200982CDA /* MapaService.swift */,
			);
			name = Services;
			sourceTree = "<group>";
		};
		ECC647D21C12939100896171 /* Model */ = {
			isa = PBXGroup;
			children = (
				EC6836321C17AC6A000EC0C8 /* MiSUBEModel.swift */,
				ECC647D01C12938A00896171 /* PuntoCarga.swift */,
				EC94BF9A1C138A3E005A88A2 /* MiUbicacion.swift */,
				EC5B5BE51C14980600327D19 /* CustomPointAnnotation.swift */,
				EC9C0C141C170A7C002C5F2A /* Distancia.swift */,
			);
			name = Model;
			sourceTree = "<group>";
		};
		ECC647D51C12B3A700896171 /* Utils */ = {
			isa = PBXGroup;
			children = (
				ECC647D31C12B39100896171 /* Extensions.swift */,
			);
			name = Utils;
			sourceTree = "<group>";
		};
		ECFA445C1C1F719000717AEA /* Helper */ = {
			isa = PBXGroup;
			children = (
				ECABF5861C1E36CA00C8B25C /* DetailHelper.swift */,
				7C0930941C40AD7A005AB04B /* UIView_Borders.swift */,
			);
			name = Helper;
			sourceTree = "<group>";
		};
		FCB703CB1C45DCC2003F1072 /* Cells */ = {
			isa = PBXGroup;
			children = (
				FCB703CC1C45DCD6003F1072 /* MovimientoTableViewCell.swift */,
			);
			name = Cells;
			sourceTree = "<group>";
		};
/* End PBXGroup section */

/* Begin PBXNativeTarget section */
		ECC647B21C12822600896171 /* Mi SUBE */ = {
			isa = PBXNativeTarget;
			buildConfigurationList = ECC647C51C12822600896171 /* Build configuration list for PBXNativeTarget "Mi SUBE" */;
			buildPhases = (
				F9A2F19BAC9F75133391078B /* Check Pods Manifest.lock */,
				ECC647AF1C12822600896171 /* Sources */,
				ECC647B01C12822600896171 /* Frameworks */,
				ECC647B11C12822600896171 /* Resources */,
				A541F643BFFCD79EFD979226 /* Embed Pods Frameworks */,
				0550BFEDD3A009271EC141FA /* Copy Pods Resources */,
			);
			buildRules = (
			);
			dependencies = (
			);
			name = "Mi SUBE";
			productName = "Mi SUBE";
			productReference = ECC647B31C12822600896171 /* Mi SUBE.app */;
			productType = "com.apple.product-type.application";
		};
/* End PBXNativeTarget section */

/* Begin PBXProject section */
		ECC647AB1C12822600896171 /* Project object */ = {
			isa = PBXProject;
			attributes = {
				LastSwiftUpdateCheck = 0710;
				LastUpgradeCheck = 0710;
				ORGANIZATIONNAME = "Hernan Matias Coppola";
				TargetAttributes = {
					ECC647B21C12822600896171 = {
						CreatedOnToolsVersion = 7.1.1;
						DevelopmentTeam = M28HMKLN5F;
					};
				};
			};
			buildConfigurationList = ECC647AE1C12822600896171 /* Build configuration list for PBXProject "Mi SUBE" */;
			compatibilityVersion = "Xcode 3.2";
			developmentRegion = English;
			hasScannedForEncodings = 0;
			knownRegions = (
				en,
				Base,
			);
			mainGroup = ECC647AA1C12822600896171;
			productRefGroup = ECC647B41C12822600896171 /* Products */;
			projectDirPath = "";
			projectRoot = "";
			targets = (
				ECC647B21C12822600896171 /* Mi SUBE */,
			);
		};
/* End PBXProject section */

/* Begin PBXResourcesBuildPhase section */
		ECC647B11C12822600896171 /* Resources */ = {
			isa = PBXResourcesBuildPhase;
			buildActionMask = 2147483647;
			files = (
				ECC647C11C12822600896171 /* LaunchScreen.storyboard in Resources */,
				EC83B4BC1C13A5C300B9E6AA /* Congreso.gpx in Resources */,
				ECA2E3DB1C13AF9500A6CA6E /* Palermo.gpx in Resources */,
				ECC647BE1C12822600896171 /* Assets.xcassets in Resources */,
				ECC647BC1C12822600896171 /* Main.storyboard in Resources */,
			);
			runOnlyForDeploymentPostprocessing = 0;
		};
/* End PBXResourcesBuildPhase section */

/* Begin PBXShellScriptBuildPhase section */
		0550BFEDD3A009271EC141FA /* Copy Pods Resources */ = {
			isa = PBXShellScriptBuildPhase;
			buildActionMask = 2147483647;
			files = (
			);
			inputPaths = (
			);
			name = "Copy Pods Resources";
			outputPaths = (
			);
			runOnlyForDeploymentPostprocessing = 0;
			shellPath = /bin/sh;
			shellScript = "\"${SRCROOT}/Pods/Target Support Files/Pods-Mi SUBE/Pods-Mi SUBE-resources.sh\"\n";
			showEnvVarsInLog = 0;
		};
		A541F643BFFCD79EFD979226 /* Embed Pods Frameworks */ = {
			isa = PBXShellScriptBuildPhase;
			buildActionMask = 2147483647;
			files = (
			);
			inputPaths = (
			);
			name = "Embed Pods Frameworks";
			outputPaths = (
			);
			runOnlyForDeploymentPostprocessing = 0;
			shellPath = /bin/sh;
			shellScript = "\"${SRCROOT}/Pods/Target Support Files/Pods-Mi SUBE/Pods-Mi SUBE-frameworks.sh\"\n";
			showEnvVarsInLog = 0;
		};
		F9A2F19BAC9F75133391078B /* Check Pods Manifest.lock */ = {
			isa = PBXShellScriptBuildPhase;
			buildActionMask = 2147483647;
			files = (
			);
			inputPaths = (
			);
			name = "Check Pods Manifest.lock";
			outputPaths = (
			);
			runOnlyForDeploymentPostprocessing = 0;
			shellPath = /bin/sh;
			shellScript = "diff \"${PODS_ROOT}/../Podfile.lock\" \"${PODS_ROOT}/Manifest.lock\" > /dev/null\nif [[ $? != 0 ]] ; then\n    cat << EOM\nerror: The sandbox is not in sync with the Podfile.lock. Run 'pod install' or update your CocoaPods installation.\nEOM\n    exit 1\nfi\n";
			showEnvVarsInLog = 0;
		};
/* End PBXShellScriptBuildPhase section */

/* Begin PBXSourcesBuildPhase section */
		ECC647AF1C12822600896171 /* Sources */ = {
			isa = PBXSourcesBuildPhase;
			buildActionMask = 2147483647;
			files = (
				7C0930951C40AD7A005AB04B /* UIView_Borders.swift in Sources */,
				EC946F081C18FD4200982CDA /* MapaService.swift in Sources */,
				ECC647D41C12B39100896171 /* Extensions.swift in Sources */,
				7C9DB00E1C32363F003FC20F /* CardConfigViewController.swift in Sources */,
				EC94BF9B1C138A3E005A88A2 /* MiUbicacion.swift in Sources */,
				EC5B5BE61C14980600327D19 /* CustomPointAnnotation.swift in Sources */,
				7C1FCEA61C1735A4003AAFB4 /* TabBarController.swift in Sources */,
				7C0F515B1C33934400EFBC22 /* OssViewController.swift in Sources */,
				EC6836371C17B603000EC0C8 /* TarjetaSUBEService.swift in Sources */,
				ECC647B91C12822600896171 /* MapViewController.swift in Sources */,
				D57C57EE1C22FB540019AC00 /* ConfigTableViewController.swift in Sources */,
				FCB703CA1C45D750003F1072 /* MovimientosTableViewController.swift in Sources */,
				FCB703CD1C45DCD6003F1072 /* MovimientoTableViewCell.swift in Sources */,
				ECC647CF1C12932C00896171 /* DondeCargoService.swift in Sources */,
				EC3BA51E1C1CE37C0058CDD1 /* RouteViewController.swift in Sources */,
				ECABF5871C1E36CA00C8B25C /* DetailHelper.swift in Sources */,
				ECC9679B1C1A32EC0070BA4F /* SaldoViewController.swift in Sources */,
				ECC647B71C12822600896171 /* AppDelegate.swift in Sources */,
				EC9C0C151C170A7C002C5F2A /* Distancia.swift in Sources */,
				EC5B5BE41C14972200327D19 /* MarkerFactory.swift in Sources */,
				ECC647D11C12938A00896171 /* PuntoCarga.swift in Sources */,
				EC6836331C17AC6A000EC0C8 /* MiSUBEModel.swift in Sources */,
				7CCE422C1C542353005F54B4 /* AboutViewController.swift in Sources */,
			);
			runOnlyForDeploymentPostprocessing = 0;
		};
/* End PBXSourcesBuildPhase section */

/* Begin PBXVariantGroup section */
		ECC647BA1C12822600896171 /* Main.storyboard */ = {
			isa = PBXVariantGroup;
			children = (
				ECC647BB1C12822600896171 /* Base */,
			);
			name = Main.storyboard;
			sourceTree = "<group>";
		};
		ECC647BF1C12822600896171 /* LaunchScreen.storyboard */ = {
			isa = PBXVariantGroup;
			children = (
				ECC647C01C12822600896171 /* Base */,
			);
			name = LaunchScreen.storyboard;
			sourceTree = "<group>";
		};
/* End PBXVariantGroup section */

/* Begin XCBuildConfiguration section */
		ECC647C31C12822600896171 /* Debug */ = {
			isa = XCBuildConfiguration;
			buildSettings = {
				ALWAYS_SEARCH_USER_PATHS = NO;
				CLANG_CXX_LANGUAGE_STANDARD = "gnu++0x";
				CLANG_CXX_LIBRARY = "libc++";
				CLANG_ENABLE_MODULES = YES;
				CLANG_ENABLE_OBJC_ARC = YES;
				CLANG_WARN_BOOL_CONVERSION = YES;
				CLANG_WARN_CONSTANT_CONVERSION = YES;
				CLANG_WARN_DIRECT_OBJC_ISA_USAGE = YES_ERROR;
				CLANG_WARN_EMPTY_BODY = YES;
				CLANG_WARN_ENUM_CONVERSION = YES;
				CLANG_WARN_INT_CONVERSION = YES;
				CLANG_WARN_OBJC_ROOT_CLASS = YES_ERROR;
				CLANG_WARN_UNREACHABLE_CODE = YES;
				CLANG_WARN__DUPLICATE_METHOD_MATCH = YES;
				"CODE_SIGN_IDENTITY[sdk=iphoneos*]" = "iPhone Developer";
				COPY_PHASE_STRIP = NO;
				DEBUG_INFORMATION_FORMAT = dwarf;
				ENABLE_STRICT_OBJC_MSGSEND = YES;
				ENABLE_TESTABILITY = YES;
				GCC_C_LANGUAGE_STANDARD = gnu99;
				GCC_DYNAMIC_NO_PIC = NO;
				GCC_NO_COMMON_BLOCKS = YES;
				GCC_OPTIMIZATION_LEVEL = 0;
				GCC_PREPROCESSOR_DEFINITIONS = (
					"DEBUG=1",
					"$(inherited)",
				);
				GCC_WARN_64_TO_32_BIT_CONVERSION = YES;
				GCC_WARN_ABOUT_RETURN_TYPE = YES_ERROR;
				GCC_WARN_UNDECLARED_SELECTOR = YES;
				GCC_WARN_UNINITIALIZED_AUTOS = YES_AGGRESSIVE;
				GCC_WARN_UNUSED_FUNCTION = YES;
				GCC_WARN_UNUSED_VARIABLE = YES;
				IPHONEOS_DEPLOYMENT_TARGET = 9.1;
				MTL_ENABLE_DEBUG_INFO = YES;
				ONLY_ACTIVE_ARCH = YES;
				SDKROOT = iphoneos;
				SWIFT_OPTIMIZATION_LEVEL = "-Onone";
				TARGETED_DEVICE_FAMILY = "1,2";
			};
			name = Debug;
		};
		ECC647C41C12822600896171 /* Release */ = {
			isa = XCBuildConfiguration;
			buildSettings = {
				ALWAYS_SEARCH_USER_PATHS = NO;
				CLANG_CXX_LANGUAGE_STANDARD = "gnu++0x";
				CLANG_CXX_LIBRARY = "libc++";
				CLANG_ENABLE_MODULES = YES;
				CLANG_ENABLE_OBJC_ARC = YES;
				CLANG_WARN_BOOL_CONVERSION = YES;
				CLANG_WARN_CONSTANT_CONVERSION = YES;
				CLANG_WARN_DIRECT_OBJC_ISA_USAGE = YES_ERROR;
				CLANG_WARN_EMPTY_BODY = YES;
				CLANG_WARN_ENUM_CONVERSION = YES;
				CLANG_WARN_INT_CONVERSION = YES;
				CLANG_WARN_OBJC_ROOT_CLASS = YES_ERROR;
				CLANG_WARN_UNREACHABLE_CODE = YES;
				CLANG_WARN__DUPLICATE_METHOD_MATCH = YES;
				"CODE_SIGN_IDENTITY[sdk=iphoneos*]" = "iPhone Developer";
				COPY_PHASE_STRIP = NO;
				DEBUG_INFORMATION_FORMAT = "dwarf-with-dsym";
				ENABLE_NS_ASSERTIONS = NO;
				ENABLE_STRICT_OBJC_MSGSEND = YES;
				GCC_C_LANGUAGE_STANDARD = gnu99;
				GCC_NO_COMMON_BLOCKS = YES;
				GCC_WARN_64_TO_32_BIT_CONVERSION = YES;
				GCC_WARN_ABOUT_RETURN_TYPE = YES_ERROR;
				GCC_WARN_UNDECLARED_SELECTOR = YES;
				GCC_WARN_UNINITIALIZED_AUTOS = YES_AGGRESSIVE;
				GCC_WARN_UNUSED_FUNCTION = YES;
				GCC_WARN_UNUSED_VARIABLE = YES;
				IPHONEOS_DEPLOYMENT_TARGET = 9.1;
				MTL_ENABLE_DEBUG_INFO = NO;
				SDKROOT = iphoneos;
				TARGETED_DEVICE_FAMILY = "1,2";
				VALIDATE_PRODUCT = YES;
			};
			name = Release;
		};
		ECC647C61C12822600896171 /* Debug */ = {
			isa = XCBuildConfiguration;
			baseConfigurationReference = 0300221B0D2217B5B0F0C565 /* Pods-Mi SUBE.debug.xcconfig */;
			buildSettings = {
				ASSETCATALOG_COMPILER_APPICON_NAME = AppIcon;
				CODE_SIGN_IDENTITY = "iPhone Developer";
				"CODE_SIGN_IDENTITY[sdk=iphoneos*]" = "iPhone Developer";
				INFOPLIST_FILE = "Mi SUBE/Info.plist";
				IPHONEOS_DEPLOYMENT_TARGET = 8.0;
				LD_RUNPATH_SEARCH_PATHS = "$(inherited) @executable_path/Frameworks";
				PRODUCT_BUNDLE_IDENTIFIER = "hernan.coppola.Mi-SUBE";
				PRODUCT_NAME = "$(TARGET_NAME)";
				PROVISIONING_PROFILE = "";
				TARGETED_DEVICE_FAMILY = 1;
			};
			name = Debug;
		};
		ECC647C71C12822600896171 /* Release */ = {
			isa = XCBuildConfiguration;
			baseConfigurationReference = 2A09F4F963C511FE65FD4652 /* Pods-Mi SUBE.release.xcconfig */;
			buildSettings = {
				ASSETCATALOG_COMPILER_APPICON_NAME = AppIcon;
				CODE_SIGN_IDENTITY = "iPhone Developer";
				"CODE_SIGN_IDENTITY[sdk=iphoneos*]" = "iPhone Developer";
				INFOPLIST_FILE = "Mi SUBE/Info.plist";
				IPHONEOS_DEPLOYMENT_TARGET = 8.0;
				LD_RUNPATH_SEARCH_PATHS = "$(inherited) @executable_path/Frameworks";
				PRODUCT_BUNDLE_IDENTIFIER = "hernan.coppola.Mi-SUBE";
				PRODUCT_NAME = "$(TARGET_NAME)";
				PROVISIONING_PROFILE = "";
				TARGETED_DEVICE_FAMILY = 1;
			};
			name = Release;
		};
/* End XCBuildConfiguration section */

/* Begin XCConfigurationList section */
		ECC647AE1C12822600896171 /* Build configuration list for PBXProject "Mi SUBE" */ = {
			isa = XCConfigurationList;
			buildConfigurations = (
				ECC647C31C12822600896171 /* Debug */,
				ECC647C41C12822600896171 /* Release */,
			);
			defaultConfigurationIsVisible = 0;
			defaultConfigurationName = Release;
		};
		ECC647C51C12822600896171 /* Build configuration list for PBXNativeTarget "Mi SUBE" */ = {
			isa = XCConfigurationList;
			buildConfigurations = (
				ECC647C61C12822600896171 /* Debug */,
				ECC647C71C12822600896171 /* Release */,
			);
			defaultConfigurationIsVisible = 0;
			defaultConfigurationName = Release;
		};
/* End XCConfigurationList section */
	};
	rootObject = ECC647AB1C12822600896171 /* Project object */;
}
